
Microsoft Visual Studio Solution File, Format Version 12.00
# Visual Studio 15
Project("{FAE04EC0-301F-11D3-BF4B-00C04F79EFBC}") = "GameTech2-master", "GameTech2-master.csproj", "{F11FB1BC-B4B4-8DD7-266A-CA2601A55010}"
EndProject
Project("{FAE04EC0-301F-11D3-BF4B-00C04F79EFBC}") = "GameTech2-master.Plugins", "GameTech2-master.Plugins.csproj", "{F8329321-C7EE-50CD-654B-2A2492923F53}"
EndProject
Project("{FAE04EC0-301F-11D3-BF4B-00C04F79EFBC}") = "GameTech2-master.Editor", "GameTech2-master.Editor.csproj", "{6A796609-2254-3E85-9400-0F2B3FA2EECF}"
EndProject
Global
	GlobalSection(SolutionConfigurationPlatforms) = preSolution
		Debug|Any CPU = Debug|Any CPU
		Release|Any CPU = Release|Any CPU
	EndGlobalSection
	GlobalSection(ProjectConfigurationPlatforms) = postSolution
		{F11FB1BC-B4B4-8DD7-266A-CA2601A55010}.Debug|Any CPU.ActiveCfg = Debug|Any CPU
		{F11FB1BC-B4B4-8DD7-266A-CA2601A55010}.Debug|Any CPU.Build.0 = Debug|Any CPU
		{F11FB1BC-B4B4-8DD7-266A-CA2601A55010}.Release|Any CPU.ActiveCfg = Release|Any CPU
		{F11FB1BC-B4B4-8DD7-266A-CA2601A55010}.Release|Any CPU.Build.0 = Release|Any CPU
		{F8329321-C7EE-50CD-654B-2A2492923F53}.Debug|Any CPU.ActiveCfg = Debug|Any CPU
		{F8329321-C7EE-50CD-654B-2A2492923F53}.Debug|Any CPU.Build.0 = Debug|Any CPU
		{F8329321-C7EE-50CD-654B-2A2492923F53}.Release|Any CPU.ActiveCfg = Release|Any CPU
		{F8329321-C7EE-50CD-654B-2A2492923F53}.Release|Any CPU.Build.0 = Release|Any CPU
		{6A796609-2254-3E85-9400-0F2B3FA2EECF}.Debug|Any CPU.ActiveCfg = Debug|Any CPU
		{6A796609-2254-3E85-9400-0F2B3FA2EECF}.Debug|Any CPU.Build.0 = Debug|Any CPU
		{6A796609-2254-3E85-9400-0F2B3FA2EECF}.Release|Any CPU.ActiveCfg = Release|Any CPU
		{6A796609-2254-3E85-9400-0F2B3FA2EECF}.Release|Any CPU.Build.0 = Release|Any CPU
	EndGlobalSection
	GlobalSection(SolutionProperties) = preSolution
		HideSolutionNode = FALSE
	EndGlobalSection
EndGlobal
